{
  "name": "thing-editor",
  "version": "0.1.0",
  "lockfileVersion": 1,
  "requires": true,
  "dependencies": {
    "@pixi/constants": {
      "version": "5.2.0",
      "resolved": "https://registry.npmjs.org/@pixi/constants/-/constants-5.2.0.tgz",
      "integrity": "sha512-dXwzkKAvgpvOJmDBe9OQiE+HPp4uMIL/3ijHlyW0fgMqDPhtQtFcSUdSUAoFwb23Uaq56j1ejuEmly8LehJ0aQ=="
    },
    "@pixi/core": {
      "version": "5.2.0",
      "resolved": "https://registry.npmjs.org/@pixi/core/-/core-5.2.0.tgz",
      "integrity": "sha512-h8UuVWHfbWVGEO3a4SQS4vk70LSFMUMPKCvVpPq/3LtIUgPVDZO3tGL4O2jFteKwbmWNIMDCpDmBMu3XlqPlNQ==",
      "requires": {
        "@pixi/constants": "^5.2.0",
        "@pixi/display": "^5.2.0",
        "@pixi/math": "^5.2.0",
        "@pixi/runner": "^5.2.0",
        "@pixi/settings": "^5.2.0",
        "@pixi/ticker": "^5.2.0",
        "@pixi/utils": "^5.2.0"
      }
    },
    "@pixi/display": {
      "version": "5.2.0",
      "resolved": "https://registry.npmjs.org/@pixi/display/-/display-5.2.0.tgz",
      "integrity": "sha512-P+exW4aI7eyqhdmi0M3HmKJI+XzDYNYAiEsKMUyyONwbHYSVdjQF5hzPuvjUYotTNZ1stCWbf0457cNNSPLOzQ==",
      "requires": {
        "@pixi/math": "^5.2.0",
        "@pixi/settings": "^5.2.0",
        "@pixi/utils": "^5.2.0"
      }
    },
    "@pixi/filter-adjustment": {
      "version": "3.0.3",
      "resolved": "https://registry.npmjs.org/@pixi/filter-adjustment/-/filter-adjustment-3.0.3.tgz",
      "integrity": "sha512-Va3tGJnrNfUT2px/2Rm2umkdTZ+lWH2Qr3a0dSXoNzmuecxacdoc9r0coegb+rFX4wgpaI8Lz96XkWa8vwmmxg==",
      "requires": {
        "@pixi/core": "^5.0.0-X"
      }
    },
    "@pixi/filter-advanced-bloom": {
      "version": "3.0.3",
      "resolved": "https://registry.npmjs.org/@pixi/filter-advanced-bloom/-/filter-advanced-bloom-3.0.3.tgz",
      "integrity": "sha512-+xKL0W65tKPuzzmuD9nuiDIs7z/Mv/o/VHGwwlyNtaVYVqDu0VDklfPurPZftCq0nSNR7kkDA1yyDFBunJ20Ew==",
      "requires": {
        "@pixi/core": "^5.0.0-X",
        "@pixi/filter-kawase-blur": "^3.0.3",
        "@pixi/settings": "^5.0.0-X"
      }
    },
    "@pixi/filter-alpha": {
      "version": "5.2.0",
      "resolved": "https://registry.npmjs.org/@pixi/filter-alpha/-/filter-alpha-5.2.0.tgz",
      "integrity": "sha512-Jv/eqSt6zmKr9oGoi4UgUWA/pgxhyBSGMtUWMHiwuqjkXWl4Em4bC5l0f5GUX85xqMCRLwvOeqOH+fBE9fKadw==",
      "requires": {
        "@pixi/core": "^5.2.0"
      }
    },
    "@pixi/filter-ascii": {
      "version": "3.0.3",
      "resolved": "https://registry.npmjs.org/@pixi/filter-ascii/-/filter-ascii-3.0.3.tgz",
      "integrity": "sha512-GXahyVFrmo8qxaYxMW3SCFb1AUCpfoU2+1T6d0gqkZqIsZVbyuIFTiifHGoHWMC1OcQ+7nJiU4kPjsT9nZLmkg==",
      "requires": {
        "@pixi/core": "^5.0.0-X"
      }
    },
    "@pixi/filter-bevel": {
      "version": "3.0.3",
      "resolved": "https://registry.npmjs.org/@pixi/filter-bevel/-/filter-bevel-3.0.3.tgz",
      "integrity": "sha512-2EOA2E5qubHNGcYa3YV6/qvqufSVVW8lvObfFwaI9oEJIEORpr5atngpi8yp5al38jD1y8O4eSY7VX9Fa6q0Rw==",
      "requires": {
        "@pixi/core": "^5.0.0-X",
        "@pixi/math": "^5.0.0-X",
        "@pixi/utils": "^5.0.0-X"
      }
    },
    "@pixi/filter-bloom": {
      "version": "3.0.3",
      "resolved": "https://registry.npmjs.org/@pixi/filter-bloom/-/filter-bloom-3.0.3.tgz",
      "integrity": "sha512-giORoxPLkzW6I8ZvH73a5Wjml2xkOAHNGmMSTz75xqBybOqrykIrv/rWG+vukqEE+AscgRsKq/XBFReH5LHkZQ==",
      "requires": {
        "@pixi/constants": "^5.0.0-X",
        "@pixi/core": "^5.0.0-X",
        "@pixi/filter-alpha": "^5.0.0-X",
        "@pixi/filter-blur": "^5.0.0-X",
        "@pixi/math": "^5.0.0-X",
        "@pixi/settings": "^5.0.0-X"
      }
    },
    "@pixi/filter-blur": {
      "version": "5.2.0",
      "resolved": "https://registry.npmjs.org/@pixi/filter-blur/-/filter-blur-5.2.0.tgz",
      "integrity": "sha512-052qyY+X3HMEvHdorqXIbe+iODK0Sj3j8goZMvOL2qATW6bDBGRuwrO2rGZ70BnmGgrbIrXzDVemwo9uLWEZSA==",
      "requires": {
        "@pixi/core": "^5.2.0",
        "@pixi/settings": "^5.2.0"
      }
    },
    "@pixi/filter-bulge-pinch": {
      "version": "3.0.3",
      "resolved": "https://registry.npmjs.org/@pixi/filter-bulge-pinch/-/filter-bulge-pinch-3.0.3.tgz",
      "integrity": "sha512-ly8YIzmFMdbQskCcOlmnZCtk8dY36zCbISpgEKu95hsrrym4zxGjPZmz9XMScCDfJyZ80EkRTTxtEzNlrbsHaQ==",
      "requires": {
        "@pixi/core": "^5.0.0-X"
      }
    },
    "@pixi/filter-color-map": {
      "version": "3.0.3",
      "resolved": "https://registry.npmjs.org/@pixi/filter-color-map/-/filter-color-map-3.0.3.tgz",
      "integrity": "sha512-3b0/n7PE0PBWWoaDsM8xlWDSbQ55nl/FIoJyz6q52u8NOFExH1CLkg0Uh6IoCoE9xiLX1QZ7rJgvTJrhapsKGA==",
      "requires": {
        "@pixi/constants": "^5.0.0-X",
        "@pixi/core": "^5.0.0-X"
      }
    },
    "@pixi/filter-color-replace": {
      "version": "3.0.3",
      "resolved": "https://registry.npmjs.org/@pixi/filter-color-replace/-/filter-color-replace-3.0.3.tgz",
      "integrity": "sha512-3Oji9RUrBo/ZH52SH5vaaPGMmBrpC4O7E9HZF+NqurwqnB52K9IX7zsU/Vx1kzTZ+wKO+d0BvCA0o+geBkzNrw==",
      "requires": {
        "@pixi/core": "^5.0.0-X",
        "@pixi/utils": "^5.0.0-X"
      }
    },
    "@pixi/filter-convolution": {
      "version": "3.0.3",
      "resolved": "https://registry.npmjs.org/@pixi/filter-convolution/-/filter-convolution-3.0.3.tgz",
      "integrity": "sha512-9mUeIgFqR3YW40OxzsVQJfpXfZGSYPRDgVU5k3A9Kg9JsUW5PISUFqaV00g/1is6hvIQavBRc8d72kkNmGi6eg==",
      "requires": {
        "@pixi/core": "^5.0.0-X"
      }
    },
    "@pixi/filter-cross-hatch": {
      "version": "3.0.3",
      "resolved": "https://registry.npmjs.org/@pixi/filter-cross-hatch/-/filter-cross-hatch-3.0.3.tgz",
      "integrity": "sha512-Y1OJPLtTOfxUmwkdIBV6Z6R4G0gg/w/2UVxGTqSBAlgK7zR69ufMzUuz0ALgzS4SHIm+zL2Wq8bbSJRy8Q0Y/g==",
      "requires": {
        "@pixi/core": "^5.0.0-X"
      }
    },
    "@pixi/filter-crt": {
      "version": "3.0.3",
      "resolved": "https://registry.npmjs.org/@pixi/filter-crt/-/filter-crt-3.0.3.tgz",
      "integrity": "sha512-BrTzxMWpOGebJ9qKcMG7pB0iwlBWH6azsVfmuqUcF6KU86qkP1Y6De/5kCvrpnDKKFiQ2cQnmgNHR/LStTLp3w==",
      "requires": {
        "@pixi/core": "^5.0.0-X"
      }
    },
    "@pixi/filter-dot": {
      "version": "3.0.3",
      "resolved": "https://registry.npmjs.org/@pixi/filter-dot/-/filter-dot-3.0.3.tgz",
      "integrity": "sha512-IvkDEAMjAcQsxjG06Xgyk4M+4eFMLnY20ygfQNnVNNHnXp85bRzR1jVeJn3a/EfKu9UWyvhTg84Jv5ggojyfpw==",
      "requires": {
        "@pixi/core": "^5.0.0-X"
      }
    },
    "@pixi/filter-drop-shadow": {
      "version": "3.0.3",
      "resolved": "https://registry.npmjs.org/@pixi/filter-drop-shadow/-/filter-drop-shadow-3.0.3.tgz",
      "integrity": "sha512-glrdtLk/2Zf+otyn/aPCaNCK5k7vOaKF0zJl933Hay1RF/qyE3SKfJXD1qLGg4MLFInYiuZtMz+/UowsEhMpGg==",
      "requires": {
        "@pixi/core": "^5.0.0-X",
        "@pixi/filter-kawase-blur": "^3.0.3",
        "@pixi/math": "^5.0.0-X",
        "@pixi/settings": "^5.0.0-X",
        "@pixi/utils": "^5.0.0-X"
      }
    },
    "@pixi/filter-emboss": {
      "version": "3.0.3",
      "resolved": "https://registry.npmjs.org/@pixi/filter-emboss/-/filter-emboss-3.0.3.tgz",
      "integrity": "sha512-tyw6MQXUU3Ibe9PMsNA1Bl2fcL8B8zT6hrH+oTTE7eZntTjHGx7qEYH2Q8i42dQZnfYi+O6w5Z2yem3v7Umm/w==",
      "requires": {
        "@pixi/core": "^5.0.0-X"
      }
    },
    "@pixi/filter-glitch": {
      "version": "3.0.3",
      "resolved": "https://registry.npmjs.org/@pixi/filter-glitch/-/filter-glitch-3.0.3.tgz",
      "integrity": "sha512-sz+P60lm45WFuIaPcK72HlMi0mkbioWDp6sheh4ldyo7UIOhdI0WDmaKKMbBQT/1hhBr8zMLuiN7nm+AeVNsvA==",
      "requires": {
        "@pixi/constants": "^5.0.0-X",
        "@pixi/core": "^5.0.0-X",
        "@pixi/math": "^5.0.0-X"
      }
    },
    "@pixi/filter-glow": {
      "version": "3.0.3",
      "resolved": "https://registry.npmjs.org/@pixi/filter-glow/-/filter-glow-3.0.3.tgz",
      "integrity": "sha512-0sRkRo1kOU889B0GnjvxYi/r26oK0Mk4PDl4Gq5aCQqbpW8ra/P/zHexM8732paAQBFfjP2hDyhnL4WIS5WUWw==",
      "requires": {
        "@pixi/core": "^5.0.0-X",
        "@pixi/utils": "^5.0.0-X"
      }
    },
    "@pixi/filter-godray": {
      "version": "3.0.3",
      "resolved": "https://registry.npmjs.org/@pixi/filter-godray/-/filter-godray-3.0.3.tgz",
      "integrity": "sha512-cEsIpWkLyg1UalN3NH4FSOjEWMn8wMB4Lqsu++2OqMJXPzyfufEjtqd6Kc6dpecEDW7QKhLnrBUoZTSvMQQisw==",
      "requires": {
        "@pixi/core": "^5.0.0-X",
        "@pixi/math": "^5.0.0-X"
      }
    },
    "@pixi/filter-kawase-blur": {
      "version": "3.0.3",
      "resolved": "https://registry.npmjs.org/@pixi/filter-kawase-blur/-/filter-kawase-blur-3.0.3.tgz",
      "integrity": "sha512-a/37+3RI3/z+TJCi6EDdWgec/mePCEo8aNrnVVXACp6HCRfWl1OwWSiRUTjarnGtgz0qhWch7UzxKvkuHwjZag==",
      "requires": {
        "@pixi/core": "^5.0.0-X",
        "@pixi/math": "^5.0.0-X"
      }
    },
    "@pixi/filter-motion-blur": {
      "version": "3.0.3",
      "resolved": "https://registry.npmjs.org/@pixi/filter-motion-blur/-/filter-motion-blur-3.0.3.tgz",
      "integrity": "sha512-xiNQHXQ2T0KJR4jNP0kF5dVVM6Q/rvvRxcevvtqvyg8Qb9rVc5ZL3EJyUsEoPUNL2K+rA5SNiU1dE85wfeZ3Iw==",
      "requires": {
        "@pixi/core": "^5.0.0-X",
        "@pixi/math": "^5.0.0-X"
      }
    },
    "@pixi/filter-multi-color-replace": {
      "version": "3.0.3",
      "resolved": "https://registry.npmjs.org/@pixi/filter-multi-color-replace/-/filter-multi-color-replace-3.0.3.tgz",
      "integrity": "sha512-w4454dsaIGviQfmdGU040M6qpHUsxY6SeQroJasjbuuAIrRIROyEbX+HmLlOMMn3dCx4UFrzgeP2h9YK63YXCA==",
      "requires": {
        "@pixi/core": "^5.0.0-X",
        "@pixi/utils": "^5.0.0-X"
      }
    },
    "@pixi/filter-old-film": {
      "version": "3.0.3",
      "resolved": "https://registry.npmjs.org/@pixi/filter-old-film/-/filter-old-film-3.0.3.tgz",
      "integrity": "sha512-f86A8uk3VHABtLhCwXHFvywPtjdM/YlNOBtP4Ul2tYbruWiEk86+ZIYrk8B2G9WMg9bCjvpEAh+u8A2xx92D/g==",
      "requires": {
        "@pixi/core": "^5.0.0-X"
      }
    },
    "@pixi/filter-outline": {
      "version": "3.0.3",
      "resolved": "https://registry.npmjs.org/@pixi/filter-outline/-/filter-outline-3.0.3.tgz",
      "integrity": "sha512-b+3Q6JJf7gltbSY+0QChdLr9HhbKYdGbOOacJW/DC70ngxcT+a02DBXToUbUV8Od11He6fIQdeRosUreaVYOlQ==",
      "requires": {
        "@pixi/core": "^5.0.0-X",
        "@pixi/utils": "^5.0.0-X"
      }
    },
    "@pixi/filter-pixelate": {
      "version": "3.0.3",
      "resolved": "https://registry.npmjs.org/@pixi/filter-pixelate/-/filter-pixelate-3.0.3.tgz",
      "integrity": "sha512-6iDoCmOwF8DV+dV8WYt+OduIbbcyouOVqeFwGA40WIElgxZF/fYtGpCKxs2EpTyR5G1uMjzC368b2RPw77NnDQ==",
      "requires": {
        "@pixi/core": "^5.0.0-X"
      }
    },
    "@pixi/filter-radial-blur": {
      "version": "3.0.3",
      "resolved": "https://registry.npmjs.org/@pixi/filter-radial-blur/-/filter-radial-blur-3.0.3.tgz",
      "integrity": "sha512-emWeOMKbOYUdyjLzCmpHHPyyvcX/Z0VPeuWYsrYnidXapTGLacV5CYWI0is8gFj+5aVgC3oRvsyQ7jLx6bilEA==",
      "requires": {
        "@pixi/core": "^5.0.0-X"
      }
    },
    "@pixi/filter-reflection": {
      "version": "3.0.3",
      "resolved": "https://registry.npmjs.org/@pixi/filter-reflection/-/filter-reflection-3.0.3.tgz",
      "integrity": "sha512-d6HSlBISG58qV9BuaQtOYsH6Jf7h5R0el7mhnUtdBMLYj5rRAO2ZsQhhYLlut+WOhWCOcKySbCHeygomRtYkQA==",
      "requires": {
        "@pixi/core": "^5.0.0-X"
      }
    },
    "@pixi/filter-rgb-split": {
      "version": "3.0.3",
      "resolved": "https://registry.npmjs.org/@pixi/filter-rgb-split/-/filter-rgb-split-3.0.3.tgz",
      "integrity": "sha512-xkvCNG8qqo1JqXD8Cvx/WwMPDyBiIry9BVrAiUmJa8LdGnUlXX2i7N5EAr7XWbgmpb72lrC2ieLKRVR0E12jBA==",
      "requires": {
        "@pixi/core": "^5.0.0-X"
      }
    },
    "@pixi/filter-shockwave": {
      "version": "3.0.3",
      "resolved": "https://registry.npmjs.org/@pixi/filter-shockwave/-/filter-shockwave-3.0.3.tgz",
      "integrity": "sha512-gZhBIoKk5zzShlYfDqXr/CtoVy7CANWdPUUe8HpOJGo2gdAHR6lgOQtForHTK8o7cWenV53dnVRdw1sqTvXubg==",
      "requires": {
        "@pixi/core": "^5.0.0-X"
      }
    },
    "@pixi/filter-simple-lightmap": {
      "version": "3.0.3",
      "resolved": "https://registry.npmjs.org/@pixi/filter-simple-lightmap/-/filter-simple-lightmap-3.0.3.tgz",
      "integrity": "sha512-th+mWMEpQRtxx5a3EbPK/EsgxdkKfdMVBagS5EQnM5ujE57brLBMO8urKP6xzywD+95wZyDsz8DVODgY/3AWMQ==",
      "requires": {
        "@pixi/core": "^5.0.0-X",
        "@pixi/utils": "^5.0.0-X"
      }
    },
    "@pixi/filter-tilt-shift": {
      "version": "3.0.3",
      "resolved": "https://registry.npmjs.org/@pixi/filter-tilt-shift/-/filter-tilt-shift-3.0.3.tgz",
      "integrity": "sha512-bnlmuiRSs/jybR2eEO2HZ6qTvGkpnPOWsqHKb1mFSOvKueaFYZKMyeVkI59dMDWm2XRVPD/+4Hs8ftffyBBUeA==",
      "requires": {
        "@pixi/core": "^5.0.0-X",
        "@pixi/math": "^5.0.0-X"
      }
    },
    "@pixi/filter-twist": {
      "version": "3.0.3",
      "resolved": "https://registry.npmjs.org/@pixi/filter-twist/-/filter-twist-3.0.3.tgz",
      "integrity": "sha512-Zn1co0cvLxCTSDVWXNIc3yTxr+Qeu8V6LzXbFTZlnghFTxNxMhaPtb+VVhkY53ENr36FX9FLgTEWxLORlHC/pQ==",
      "requires": {
        "@pixi/core": "^5.0.0-X"
      }
    },
    "@pixi/filter-zoom-blur": {
      "version": "3.0.3",
      "resolved": "https://registry.npmjs.org/@pixi/filter-zoom-blur/-/filter-zoom-blur-3.0.3.tgz",
      "integrity": "sha512-3dCMVdTTLpLwQ6JQskRwczTP0TBtDUen4ihDO0E92T1bOCz8vCuXvzEaNU+fbjpg4XHY3zOitPkxodb4Uis/aA==",
      "requires": {
        "@pixi/core": "^5.0.0-X"
      }
    },
    "@pixi/math": {
      "version": "5.2.0",
      "resolved": "https://registry.npmjs.org/@pixi/math/-/math-5.2.0.tgz",
      "integrity": "sha512-Y21H/kMluJqZ/QWb8cdXuZlib6G26QfZtgc85KbSJmjpMVWw03g0OELqFqOhsMzNanXp3B4OL1ZsNXnp0lWROQ=="
    },
    "@pixi/runner": {
      "version": "5.2.0",
      "resolved": "https://registry.npmjs.org/@pixi/runner/-/runner-5.2.0.tgz",
      "integrity": "sha512-vy/SGG8QFHMrWAqebMQdhxl/l6WlIbHXMDNDCYBWwXKYjmKzycrrj2o/mK9cBko8WDuoTRZ0Pe3JZ3XDYEsn9w=="
    },
    "@pixi/settings": {
      "version": "5.2.0",
      "resolved": "https://registry.npmjs.org/@pixi/settings/-/settings-5.2.0.tgz",
      "integrity": "sha512-AIxcUbgM3mh2QxS+nxNcPsqnJEBg3x/UO9ZpNMRhed9UPM/5mQ8CGZUMLTzIxhjSS16Do4uK9vZikMjV8dXm/Q==",
      "requires": {
        "ismobilejs": "^0.5.1"
      }
    },
    "@pixi/ticker": {
      "version": "5.2.0",
      "resolved": "https://registry.npmjs.org/@pixi/ticker/-/ticker-5.2.0.tgz",
      "integrity": "sha512-6xX786cX/RWmQKeRQ3bNvg8JjS0VLA2LQy1sOmUctx2AwdZysI04k2xdw9Krtpn1mkudgAcNrTEsgPeGEjIF9Q==",
      "requires": {
        "@pixi/settings": "^5.2.0"
      }
    },
    "@pixi/utils": {
      "version": "5.2.0",
      "resolved": "https://registry.npmjs.org/@pixi/utils/-/utils-5.2.0.tgz",
      "integrity": "sha512-oMLRlvx+vWHPR06uiOvfOhtkG/LDBR3Syea9QZoIbCJE/GLYgJX8f0cVfrdI0kCgfGj4luc8/CWI745MKafUqQ==",
      "requires": {
        "@pixi/constants": "^5.2.0",
        "@pixi/settings": "^5.2.0",
        "earcut": "^2.1.5",
        "eventemitter3": "^3.1.0",
        "url": "^0.11.0"
      }
    },
    "accepts": {
      "version": "1.3.7",
      "resolved": "https://registry.npmjs.org/accepts/-/accepts-1.3.7.tgz",
      "integrity": "sha512-Il80Qs2WjYlJIBNzNkK6KYqlVMTbZLXgHx2oT0pU/fjRHyEp+PEfEPY0R3WCwAGVOtauxh1hOxNgIf5bv7dQpA==",
      "requires": {
        "mime-types": "~2.1.24",
        "negotiator": "0.6.2"
      }
    },
    "array-flatten": {
      "version": "1.1.1",
      "resolved": "https://registry.npmjs.org/array-flatten/-/array-flatten-1.1.1.tgz",
      "integrity": "sha1-ml9pkFGx5wczKPKgCJaLZOopVdI="
    },
    "async-limiter": {
      "version": "1.0.1",
      "resolved": "https://registry.npmjs.org/async-limiter/-/async-limiter-1.0.1.tgz",
      "integrity": "sha512-csOlWGAcRFJaI6m+F2WKdnMKr4HhdhFVBk0H/QbJFMCr+uO2kwohwXQPxw/9OCxp05r5ghVBFSyioixx3gfkNQ=="
    },
    "bit-twiddle": {
      "version": "1.0.2",
      "resolved": "https://registry.npmjs.org/bit-twiddle/-/bit-twiddle-1.0.2.tgz",
      "integrity": "sha1-DGwfq+KyPRcXPZpht7cJPrnhdp4="
    },
    "body-parser": {
      "version": "1.19.0",
      "resolved": "https://registry.npmjs.org/body-parser/-/body-parser-1.19.0.tgz",
      "integrity": "sha512-dhEPs72UPbDnAQJ9ZKMNTP6ptJaionhP5cBb541nXPlW60Jepo9RV/a4fX4XWW9CuFNK22krhrj1+rgzifNCsw==",
      "requires": {
        "bytes": "3.1.0",
        "content-type": "~1.0.4",
        "debug": "2.6.9",
        "depd": "~1.1.2",
        "http-errors": "1.7.2",
        "iconv-lite": "0.4.24",
        "on-finished": "~2.3.0",
        "qs": "6.7.0",
        "raw-body": "2.4.0",
        "type-is": "~1.6.17"
      }
    },
    "bytes": {
      "version": "3.1.0",
      "resolved": "https://registry.npmjs.org/bytes/-/bytes-3.1.0.tgz",
      "integrity": "sha512-zauLjrfCG+xvoyaqLoV8bLVXXNGC4JqlxFCutSDWA6fJrTo2ZuvLYTqZ7aHBLZSMOopbzwv8f+wZcVzfVTI2Dg=="
    },
    "content-disposition": {
      "version": "0.5.3",
      "resolved": "https://registry.npmjs.org/content-disposition/-/content-disposition-0.5.3.tgz",
      "integrity": "sha512-ExO0774ikEObIAEV9kDo50o+79VCUdEB6n6lzKgGwupcVeRlhrj3qGAfwq8G6uBJjkqLrhT0qEYFcWng8z1z0g==",
      "requires": {
        "safe-buffer": "5.1.2"
      }
    },
    "content-type": {
      "version": "1.0.4",
      "resolved": "https://registry.npmjs.org/content-type/-/content-type-1.0.4.tgz",
      "integrity": "sha512-hIP3EEPs8tB9AT1L+NUqtwOAps4mk2Zob89MWXMHjHWg9milF/j4osnnQLXBCBFBk/tvIG/tUc9mOUJiPBhPXA=="
    },
    "cookie": {
      "version": "0.3.1",
      "resolved": "https://registry.npmjs.org/cookie/-/cookie-0.3.1.tgz",
      "integrity": "sha1-5+Ch+e9DtMi6klxcWpboBtFoc7s="
    },
    "cookie-parser": {
      "version": "1.4.4",
      "resolved": "https://registry.npmjs.org/cookie-parser/-/cookie-parser-1.4.4.tgz",
      "integrity": "sha512-lo13tqF3JEtFO7FyA49CqbhaFkskRJ0u/UAiINgrIXeRCY41c88/zxtrECl8AKH3B0hj9q10+h3Kt8I7KlW4tw==",
      "requires": {
        "cookie": "0.3.1",
        "cookie-signature": "1.0.6"
      }
    },
    "cookie-signature": {
      "version": "1.0.6",
      "resolved": "https://registry.npmjs.org/cookie-signature/-/cookie-signature-1.0.6.tgz",
      "integrity": "sha1-4wOogrNCzD7oylE6eZmXNNqzriw="
    },
    "debug": {
      "version": "2.6.9",
      "resolved": "https://registry.npmjs.org/debug/-/debug-2.6.9.tgz",
      "integrity": "sha512-bC7ElrdJaJnPbAP+1EotYvqZsb3ecl5wi6Bfi6BJTUcNowp6cvspg0jXznRTKDjm/E7AdgFBVeAPVMNcKGsHMA==",
      "requires": {
        "ms": "2.0.0"
      }
    },
    "depd": {
      "version": "1.1.2",
      "resolved": "https://registry.npmjs.org/depd/-/depd-1.1.2.tgz",
      "integrity": "sha1-m81S4UwJd2PnSbJ0xDRu0uVgtak="
    },
    "destroy": {
      "version": "1.0.4",
      "resolved": "https://registry.npmjs.org/destroy/-/destroy-1.0.4.tgz",
      "integrity": "sha1-l4hXRCxEdJ5CBmE+N5RiBYJqvYA="
    },
    "earcut": {
      "version": "2.2.1",
      "resolved": "https://registry.npmjs.org/earcut/-/earcut-2.2.1.tgz",
      "integrity": "sha512-5jIMi2RB3HtGPHcYd9Yyl0cczo84y+48lgKPxMijliNQaKAHEZJbdzLmKmdxG/mCdS/YD9DQ1gihL8mxzR0F9w=="
    },
    "ee-first": {
      "version": "1.1.1",
      "resolved": "https://registry.npmjs.org/ee-first/-/ee-first-1.1.1.tgz",
      "integrity": "sha1-WQxhFWsK4vTwJVcyoViyZrxWsh0="
    },
    "encodeurl": {
      "version": "1.0.2",
      "resolved": "https://registry.npmjs.org/encodeurl/-/encodeurl-1.0.2.tgz",
      "integrity": "sha1-rT/0yG7C0CkyL1oCw6mmBslbP1k="
    },
    "escape-html": {
      "version": "1.0.3",
      "resolved": "https://registry.npmjs.org/escape-html/-/escape-html-1.0.3.tgz",
      "integrity": "sha1-Aljq5NPQwJdN4cFpGI7wBR0dGYg="
    },
    "etag": {
      "version": "1.8.1",
      "resolved": "https://registry.npmjs.org/etag/-/etag-1.8.1.tgz",
      "integrity": "sha1-Qa4u62XvpiJorr/qg6x9eSmbCIc="
    },
    "eventemitter3": {
      "version": "3.1.2",
      "resolved": "https://registry.npmjs.org/eventemitter3/-/eventemitter3-3.1.2.tgz",
      "integrity": "sha512-tvtQIeLVHjDkJYnzf2dgVMxfuSGJeM/7UCG17TT4EumTfNtF+0nebF/4zWOIkCreAbtNqhGEboB6BWrwqNaw4Q=="
    },
    "express": {
      "version": "4.17.1",
      "resolved": "https://registry.npmjs.org/express/-/express-4.17.1.tgz",
      "integrity": "sha512-mHJ9O79RqluphRrcw2X/GTh3k9tVv8YcoyY4Kkh4WDMUYKRZUq0h1o0w2rrrxBqM7VoeUVqgb27xlEMXTnYt4g==",
      "requires": {
        "accepts": "~1.3.7",
        "array-flatten": "1.1.1",
        "body-parser": "1.19.0",
        "content-disposition": "0.5.3",
        "content-type": "~1.0.4",
        "cookie": "0.4.0",
        "cookie-signature": "1.0.6",
        "debug": "2.6.9",
        "depd": "~1.1.2",
        "encodeurl": "~1.0.2",
        "escape-html": "~1.0.3",
        "etag": "~1.8.1",
        "finalhandler": "~1.1.2",
        "fresh": "0.5.2",
        "merge-descriptors": "1.0.1",
        "methods": "~1.1.2",
        "on-finished": "~2.3.0",
        "parseurl": "~1.3.3",
        "path-to-regexp": "0.1.7",
        "proxy-addr": "~2.0.5",
        "qs": "6.7.0",
        "range-parser": "~1.2.1",
        "safe-buffer": "5.1.2",
        "send": "0.17.1",
        "serve-static": "1.14.1",
        "setprototypeof": "1.1.1",
        "statuses": "~1.5.0",
        "type-is": "~1.6.18",
        "utils-merge": "1.0.1",
        "vary": "~1.1.2"
      },
      "dependencies": {
        "cookie": {
          "version": "0.4.0",
          "resolved": "https://registry.npmjs.org/cookie/-/cookie-0.4.0.tgz",
          "integrity": "sha512-+Hp8fLp57wnUSt0tY0tHEXh4voZRDnoIrZPqlo3DPiI4y9lwg/jqx+1Om94/W6ZaPDOUbnjOt/99w66zk+l1Xg=="
        }
      }
    },
    "finalhandler": {
      "version": "1.1.2",
      "resolved": "https://registry.npmjs.org/finalhandler/-/finalhandler-1.1.2.tgz",
      "integrity": "sha512-aAWcW57uxVNrQZqFXjITpW3sIUQmHGG3qSb9mUah9MgMC4NeWhNOlNjXEYq3HjRAvL6arUviZGGJsBg6z0zsWA==",
      "requires": {
        "debug": "2.6.9",
        "encodeurl": "~1.0.2",
        "escape-html": "~1.0.3",
        "on-finished": "~2.3.0",
        "parseurl": "~1.3.3",
        "statuses": "~1.5.0",
        "unpipe": "~1.0.0"
      }
    },
    "forwarded": {
      "version": "0.1.2",
      "resolved": "https://registry.npmjs.org/forwarded/-/forwarded-0.1.2.tgz",
      "integrity": "sha1-mMI9qxF1ZXuMBXPozszZGw/xjIQ="
    },
    "fresh": {
      "version": "0.5.2",
      "resolved": "https://registry.npmjs.org/fresh/-/fresh-0.5.2.tgz",
      "integrity": "sha1-PYyt2Q2XZWn6g1qx+OSyOhBWBac="
    },
    "http-errors": {
      "version": "1.7.2",
      "resolved": "https://registry.npmjs.org/http-errors/-/http-errors-1.7.2.tgz",
      "integrity": "sha512-uUQBt3H/cSIVfch6i1EuPNy/YsRSOUBXTVfZ+yR7Zjez3qjBz6i9+i4zjNaoqcoFVI4lQJ5plg63TvGfRSDCRg==",
      "requires": {
        "depd": "~1.1.2",
        "inherits": "2.0.3",
        "setprototypeof": "1.1.1",
        "statuses": ">= 1.5.0 < 2",
        "toidentifier": "1.0.0"
      }
    },
    "iconv-lite": {
      "version": "0.4.24",
      "resolved": "https://registry.npmjs.org/iconv-lite/-/iconv-lite-0.4.24.tgz",
      "integrity": "sha512-v3MXnZAcvnywkTUEZomIActle7RXXeedOR31wwl7VlyoXO4Qi9arvSenNQWne1TcRwhCL1HwLI21bEqdpj8/rA==",
      "requires": {
        "safer-buffer": ">= 2.1.2 < 3"
      }
    },
    "inherits": {
      "version": "2.0.3",
      "resolved": "https://registry.npmjs.org/inherits/-/inherits-2.0.3.tgz",
      "integrity": "sha1-Yzwsg+PaQqUC9SRmAiSA9CCCYd4="
    },
    "ipaddr.js": {
      "version": "1.9.0",
      "resolved": "https://registry.npmjs.org/ipaddr.js/-/ipaddr.js-1.9.0.tgz",
      "integrity": "sha512-M4Sjn6N/+O6/IXSJseKqHoFc+5FdGJ22sXqnjTpdZweHK64MzEPAyQZyEU3R/KRv2GLoa7nNtg/C2Ev6m7z+eA=="
    },
    "is-wsl": {
      "version": "1.1.0",
      "resolved": "https://registry.npmjs.org/is-wsl/-/is-wsl-1.1.0.tgz",
      "integrity": "sha1-HxbkqiKwTRM2tmGIpmrzxgDDpm0="
    },
    "ismobilejs": {
      "version": "0.5.2",
      "resolved": "https://registry.npmjs.org/ismobilejs/-/ismobilejs-0.5.2.tgz",
      "integrity": "sha512-ta9UdV60xVZk/ZafFtSFslQaE76SvNkcs1r73d2PVR21zVzx9xuYv9tNe4MxA1NN7WoeCc2RjGot3Bz1eHDx3Q=="
    },
    "js-tokens": {
      "version": "4.0.0",
      "resolved": "https://registry.npmjs.org/js-tokens/-/js-tokens-4.0.0.tgz",
      "integrity": "sha512-RdJUflcE3cUzKiMqQgsCu06FPu9UdIJO0beYbPhHN4k6apgJtifcoCtT9bcxOpYBtpD2kCM6Sbzg4CausW/PKQ=="
    },
    "loose-envify": {
      "version": "1.4.0",
      "resolved": "https://registry.npmjs.org/loose-envify/-/loose-envify-1.4.0.tgz",
      "integrity": "sha512-lyuxPGr/Wfhrlem2CL/UcnUc1zcqKAImBDzukY7Y5F/yQiNdko6+fRLevlw1HgMySw7f611UIY408EtxRSoK3Q==",
      "requires": {
        "js-tokens": "^3.0.0 || ^4.0.0"
      }
    },
    "md5-file": {
      "version": "4.0.0",
      "resolved": "https://registry.npmjs.org/md5-file/-/md5-file-4.0.0.tgz",
      "integrity": "sha512-UC0qFwyAjn4YdPpKaDNw6gNxRf7Mcx7jC1UGCY4boCzgvU2Aoc1mOGzTtrjjLKhM5ivsnhoKpQVxKPp+1j1qwg=="
    },
    "media-typer": {
      "version": "0.3.0",
      "resolved": "https://registry.npmjs.org/media-typer/-/media-typer-0.3.0.tgz",
      "integrity": "sha1-hxDXrwqmJvj/+hzgAWhUUmMlV0g="
    },
    "merge-descriptors": {
      "version": "1.0.1",
      "resolved": "https://registry.npmjs.org/merge-descriptors/-/merge-descriptors-1.0.1.tgz",
      "integrity": "sha1-sAqqVW3YtEVoFQ7J0blT8/kMu2E="
    },
    "methods": {
      "version": "1.1.2",
      "resolved": "https://registry.npmjs.org/methods/-/methods-1.1.2.tgz",
      "integrity": "sha1-VSmk1nZUE07cxSZmVoNbD4Ua/O4="
    },
    "mime": {
      "version": "1.6.0",
      "resolved": "https://registry.npmjs.org/mime/-/mime-1.6.0.tgz",
      "integrity": "sha512-x0Vn8spI+wuJ1O6S7gnbaQg8Pxh4NNHb7KSINmEWKiPE4RKOplvijn+NkmYmmRgP68mc70j2EbeTFRsrswaQeg=="
    },
    "mime-db": {
      "version": "1.42.0",
      "resolved": "https://registry.npmjs.org/mime-db/-/mime-db-1.42.0.tgz",
      "integrity": "sha512-UbfJCR4UAVRNgMpfImz05smAXK7+c+ZntjaA26ANtkXLlOe947Aag5zdIcKQULAiF9Cq4WxBi9jUs5zkA84bYQ=="
    },
    "mime-types": {
      "version": "2.1.25",
      "resolved": "https://registry.npmjs.org/mime-types/-/mime-types-2.1.25.tgz",
      "integrity": "sha512-5KhStqB5xpTAeGqKBAMgwaYMnQik7teQN4IAzC7npDv6kzeU6prfkR67bc87J1kWMPGkoaZSq1npmexMgkmEVg==",
      "requires": {
        "mime-db": "1.42.0"
      }
    },
    "mini-signals": {
      "version": "1.2.0",
      "resolved": "https://registry.npmjs.org/mini-signals/-/mini-signals-1.2.0.tgz",
      "integrity": "sha1-RbCAE8X65RokqhqTXNMXye1yHXQ="
    },
    "ms": {
      "version": "2.0.0",
      "resolved": "https://registry.npmjs.org/ms/-/ms-2.0.0.tgz",
      "integrity": "sha1-VgiurfwAvmwpAd9fmGF4jeDVl8g="
    },
    "negotiator": {
      "version": "0.6.2",
      "resolved": "https://registry.npmjs.org/negotiator/-/negotiator-0.6.2.tgz",
      "integrity": "sha512-hZXc7K2e+PgeI1eDBe/10Ard4ekbfrrqG8Ep+8Jmf4JID2bNg7NvCPOZN+kfF574pFQI7mum2AUqDidoKqcTOw=="
    },
    "node-fetch": {
      "version": "2.6.0",
      "resolved": "https://registry.npmjs.org/node-fetch/-/node-fetch-2.6.0.tgz",
      "integrity": "sha512-8dG4H5ujfvFiqDmVu9fQ5bOHUC15JMjMY/Zumv26oOvvVJjM67KF8koCWIabKQ1GJIa9r2mMZscBq/TbdOcmNA=="
    },
    "object-assign": {
      "version": "4.1.1",
      "resolved": "https://registry.npmjs.org/object-assign/-/object-assign-4.1.1.tgz",
      "integrity": "sha1-IQmtx5ZYh8/AXLvUQsrIv7s2CGM="
    },
    "on-finished": {
      "version": "2.3.0",
      "resolved": "https://registry.npmjs.org/on-finished/-/on-finished-2.3.0.tgz",
      "integrity": "sha1-IPEzZIGwg811M3mSoWlxqi2QaUc=",
      "requires": {
        "ee-first": "1.1.1"
      }
    },
    "open": {
      "version": "6.4.0",
      "resolved": "https://registry.npmjs.org/open/-/open-6.4.0.tgz",
      "integrity": "sha512-IFenVPgF70fSm1keSd2iDBIDIBZkroLeuffXq+wKTzTJlBpesFWojV9lb8mzOfaAzM1sr7HQHuO0vtV0zYekGg==",
      "requires": {
        "is-wsl": "^1.1.0"
      }
    },
    "parse-uri": {
      "version": "1.0.0",
      "resolved": "https://registry.npmjs.org/parse-uri/-/parse-uri-1.0.0.tgz",
      "integrity": "sha1-KHLcwi8aeXrN4Vg9igrClVLdrCA="
    },
    "parseurl": {
      "version": "1.3.3",
      "resolved": "https://registry.npmjs.org/parseurl/-/parseurl-1.3.3.tgz",
      "integrity": "sha512-CiyeOxFT/JZyN5m0z9PfXw4SCBJ6Sygz1Dpl0wqjlhDEGGBP1GnsUVEL0p63hoG1fcj3fHynXi9NYO4nWOL+qQ=="
    },
    "path-to-regexp": {
      "version": "0.1.7",
      "resolved": "https://registry.npmjs.org/path-to-regexp/-/path-to-regexp-0.1.7.tgz",
      "integrity": "sha1-32BBeABfUi8V60SQ5yR6G/qmf4w="
    },
    "pixi-filters": {
      "version": "3.0.3",
      "resolved": "https://registry.npmjs.org/pixi-filters/-/pixi-filters-3.0.3.tgz",
      "integrity": "sha512-Xpp7qfzc7JelBx5vxqKvc2DLS3IfqvNx7nLPybOHS8pn5g4+0/m1dhymIvVXJikqMuJg/Pyt3mXj0jiYqUmadQ==",
      "requires": {
        "@pixi/filter-adjustment": "^3.0.3",
        "@pixi/filter-advanced-bloom": "^3.0.3",
        "@pixi/filter-ascii": "^3.0.3",
        "@pixi/filter-bevel": "^3.0.3",
        "@pixi/filter-bloom": "^3.0.3",
        "@pixi/filter-bulge-pinch": "^3.0.3",
        "@pixi/filter-color-map": "^3.0.3",
        "@pixi/filter-color-replace": "^3.0.3",
        "@pixi/filter-convolution": "^3.0.3",
        "@pixi/filter-cross-hatch": "^3.0.3",
        "@pixi/filter-crt": "^3.0.3",
        "@pixi/filter-dot": "^3.0.3",
        "@pixi/filter-drop-shadow": "^3.0.3",
        "@pixi/filter-emboss": "^3.0.3",
        "@pixi/filter-glitch": "^3.0.3",
        "@pixi/filter-glow": "^3.0.3",
        "@pixi/filter-godray": "^3.0.3",
        "@pixi/filter-kawase-blur": "^3.0.3",
        "@pixi/filter-motion-blur": "^3.0.3",
        "@pixi/filter-multi-color-replace": "^3.0.3",
        "@pixi/filter-old-film": "^3.0.3",
        "@pixi/filter-outline": "^3.0.3",
        "@pixi/filter-pixelate": "^3.0.3",
        "@pixi/filter-radial-blur": "^3.0.3",
        "@pixi/filter-reflection": "^3.0.3",
        "@pixi/filter-rgb-split": "^3.0.3",
        "@pixi/filter-shockwave": "^3.0.3",
        "@pixi/filter-simple-lightmap": "^3.0.3",
        "@pixi/filter-tilt-shift": "^3.0.3",
        "@pixi/filter-twist": "^3.0.3",
        "@pixi/filter-zoom-blur": "^3.0.3"
      }
    },
    "pixi-gl-core": {
      "version": "1.1.4",
      "resolved": "https://registry.npmjs.org/pixi-gl-core/-/pixi-gl-core-1.1.4.tgz",
      "integrity": "sha1-i0tcQzsx5Bm8N53FZc4bg1qRs3I="
    },
    "pixi.js": {
      "version": "4.8.8",
      "resolved": "https://registry.npmjs.org/pixi.js/-/pixi.js-4.8.8.tgz",
      "integrity": "sha512-wQzuLAWSMfV+x2guL5jZBp37pwCmYXHiTXG7ZWXu4E/5IsC9xozwmOfLeCNEyPzlyucOgxAx/HS+tLqxWPYX7Q==",
      "requires": {
        "bit-twiddle": "^1.0.2",
        "earcut": "^2.1.4",
        "eventemitter3": "^2.0.0",
        "ismobilejs": "^0.5.1",
        "object-assign": "^4.0.1",
        "pixi-gl-core": "^1.1.4",
        "remove-array-items": "^1.0.0",
        "resource-loader": "^2.2.3"
      },
      "dependencies": {
        "eventemitter3": {
          "version": "2.0.3",
          "resolved": "https://registry.npmjs.org/eventemitter3/-/eventemitter3-2.0.3.tgz",
          "integrity": "sha1-teEHm1n7XhuidxwKmTvgYKWMmbo="
        }
      }
    },
    "prop-types": {
      "version": "15.7.2",
      "resolved": "https://registry.npmjs.org/prop-types/-/prop-types-15.7.2.tgz",
      "integrity": "sha512-8QQikdH7//R2vurIJSutZ1smHYTcLpRWEOlHnzcWHmBYrOGUysKwSsrC89BCiFj3CbrfJ/nXFdJepOVrY1GCHQ==",
      "requires": {
        "loose-envify": "^1.4.0",
        "object-assign": "^4.1.1",
        "react-is": "^16.8.1"
      }
    },
    "proxy-addr": {
      "version": "2.0.5",
      "resolved": "https://registry.npmjs.org/proxy-addr/-/proxy-addr-2.0.5.tgz",
      "integrity": "sha512-t/7RxHXPH6cJtP0pRG6smSr9QJidhB+3kXu0KgXnbGYMgzEnUxRQ4/LDdfOwZEMyIh3/xHb8PX3t+lfL9z+YVQ==",
      "requires": {
        "forwarded": "~0.1.2",
        "ipaddr.js": "1.9.0"
      }
    },
    "punycode": {
      "version": "1.3.2",
      "resolved": "https://registry.npmjs.org/punycode/-/punycode-1.3.2.tgz",
      "integrity": "sha1-llOgNvt8HuQjQvIyXM7v6jkmxI0="
    },
    "qs": {
      "version": "6.7.0",
      "resolved": "https://registry.npmjs.org/qs/-/qs-6.7.0.tgz",
      "integrity": "sha512-VCdBRNFTX1fyE7Nb6FYoURo/SPe62QCaAyzJvUjwRaIsc+NePBEniHlvxFmmX56+HZphIGtV0XeCirBtpDrTyQ=="
    },
    "querystring": {
      "version": "0.2.0",
      "resolved": "https://registry.npmjs.org/querystring/-/querystring-0.2.0.tgz",
      "integrity": "sha1-sgmEkgO7Jd+CDadW50cAWHhSFiA="
    },
    "range-parser": {
      "version": "1.2.1",
      "resolved": "https://registry.npmjs.org/range-parser/-/range-parser-1.2.1.tgz",
      "integrity": "sha512-Hrgsx+orqoygnmhFbKaHE6c296J+HTAQXoxEF6gNupROmmGJRoyzfG3ccAveqCBrwr/2yxQ5BVd/GTl5agOwSg=="
    },
    "raw-body": {
      "version": "2.4.0",
      "resolved": "https://registry.npmjs.org/raw-body/-/raw-body-2.4.0.tgz",
      "integrity": "sha512-4Oz8DUIwdvoa5qMJelxipzi/iJIi40O5cGV1wNYp5hvZP8ZN0T+jiNkL0QepXs+EsQ9XJ8ipEDoiH70ySUJP3Q==",
      "requires": {
        "bytes": "3.1.0",
        "http-errors": "1.7.2",
        "iconv-lite": "0.4.24",
        "unpipe": "1.0.0"
      }
    },
    "react": {
      "version": "16.12.0",
      "resolved": "https://registry.npmjs.org/react/-/react-16.12.0.tgz",
      "integrity": "sha512-fglqy3k5E+81pA8s+7K0/T3DBCF0ZDOher1elBFzF7O6arXJgzyu/FW+COxFvAWXJoJN9KIZbT2LXlukwphYTA==",
      "requires": {
        "loose-envify": "^1.1.0",
        "object-assign": "^4.1.1",
        "prop-types": "^15.6.2"
      }
    },
    "react-dom": {
      "version": "16.12.0",
      "resolved": "https://registry.npmjs.org/react-dom/-/react-dom-16.12.0.tgz",
      "integrity": "sha512-LMxFfAGrcS3kETtQaCkTKjMiifahaMySFDn71fZUNpPHZQEzmk/GiAeIT8JSOrHB23fnuCOMruL2a8NYlw+8Gw==",
      "requires": {
        "loose-envify": "^1.1.0",
        "object-assign": "^4.1.1",
        "prop-types": "^15.6.2",
        "scheduler": "^0.18.0"
      }
    },
    "react-is": {
      "version": "16.12.0",
      "resolved": "https://registry.npmjs.org/react-is/-/react-is-16.12.0.tgz",
      "integrity": "sha512-rPCkf/mWBtKc97aLL9/txD8DZdemK0vkA3JMLShjlJB3Pj3s+lpf1KaBzMfQrAmhMQB0n1cU/SUGgKKBCe837Q=="
    },
    "remove-array-items": {
      "version": "1.1.1",
      "resolved": "https://registry.npmjs.org/remove-array-items/-/remove-array-items-1.1.1.tgz",
      "integrity": "sha512-MXW/jtHyl5F1PZI7NbpS8SOtympdLuF20aoWJT5lELR1p/HJDd5nqW8Eu9uLh/hCRY3FgvrIT5AwDCgBODklcA=="
    },
    "reset-css": {
      "version": "3.0.0",
      "resolved": "https://registry.npmjs.org/reset-css/-/reset-css-3.0.0.tgz",
      "integrity": "sha512-yfFFVr+qZOKkW8aLuslacrhwZFCyyvyo+ggWbCa1lJBGZOfYAANmMaoJ3PKFGbcktALL5bc+OZ2imaPt5THzGg=="
    },
    "resource-loader": {
      "version": "2.2.4",
      "resolved": "https://registry.npmjs.org/resource-loader/-/resource-loader-2.2.4.tgz",
      "integrity": "sha512-MrY0bEJN26us3h4bzJUSP0n4tFEb79lCpYBavtLjSezWCcXZMgxhSgvC9LxueuqpcxG+qPjhwFu5SQAcUNacdA==",
      "requires": {
        "mini-signals": "^1.1.1",
        "parse-uri": "^1.0.0"
      }
    },
    "safe-buffer": {
      "version": "5.1.2",
      "resolved": "https://registry.npmjs.org/safe-buffer/-/safe-buffer-5.1.2.tgz",
      "integrity": "sha512-Gd2UZBJDkXlY7GbJxfsE8/nvKkUEU1G38c1siN6QP6a9PT9MmHB8GnpscSmMJSoF8LOIrt8ud/wPtojys4G6+g=="
    },
    "safer-buffer": {
      "version": "2.1.2",
      "resolved": "https://registry.npmjs.org/safer-buffer/-/safer-buffer-2.1.2.tgz",
      "integrity": "sha512-YZo3K82SD7Riyi0E1EQPojLz7kpepnSQI9IyPbHHg1XXXevb5dJI7tpyN2ADxGcQbHG7vcyRHk0cbwqcQriUtg=="
    },
    "scheduler": {
      "version": "0.18.0",
      "resolved": "https://registry.npmjs.org/scheduler/-/scheduler-0.18.0.tgz",
      "integrity": "sha512-agTSHR1Nbfi6ulI0kYNK0203joW2Y5W4po4l+v03tOoiJKpTBbxpNhWDvqc/4IcOw+KLmSiQLTasZ4cab2/UWQ==",
      "requires": {
        "loose-envify": "^1.1.0",
        "object-assign": "^4.1.1"
      }
    },
    "send": {
      "version": "0.17.1",
      "resolved": "https://registry.npmjs.org/send/-/send-0.17.1.tgz",
      "integrity": "sha512-BsVKsiGcQMFwT8UxypobUKyv7irCNRHk1T0G680vk88yf6LBByGcZJOTJCrTP2xVN6yI+XjPJcNuE3V4fT9sAg==",
      "requires": {
        "debug": "2.6.9",
        "depd": "~1.1.2",
        "destroy": "~1.0.4",
        "encodeurl": "~1.0.2",
        "escape-html": "~1.0.3",
        "etag": "~1.8.1",
        "fresh": "0.5.2",
        "http-errors": "~1.7.2",
        "mime": "1.6.0",
        "ms": "2.1.1",
        "on-finished": "~2.3.0",
        "range-parser": "~1.2.1",
        "statuses": "~1.5.0"
      },
      "dependencies": {
        "ms": {
          "version": "2.1.1",
          "resolved": "https://registry.npmjs.org/ms/-/ms-2.1.1.tgz",
          "integrity": "sha512-tgp+dl5cGk28utYktBsrFqA7HKgrhgPsg6Z/EfhWI4gl1Hwq8B/GmY/0oXZ6nF8hDVesS/FpnYaD/kOWhYQvyg=="
        }
      }
    },
    "serve-static": {
      "version": "1.14.1",
      "resolved": "https://registry.npmjs.org/serve-static/-/serve-static-1.14.1.tgz",
      "integrity": "sha512-JMrvUwE54emCYWlTI+hGrGv5I8dEwmco/00EvkzIIsR7MqrHonbD9pO2MOfFnpFntl7ecpZs+3mW+XbQZu9QCg==",
      "requires": {
        "encodeurl": "~1.0.2",
        "escape-html": "~1.0.3",
        "parseurl": "~1.3.3",
        "send": "0.17.1"
      }
    },
    "setprototypeof": {
      "version": "1.1.1",
      "resolved": "https://registry.npmjs.org/setprototypeof/-/setprototypeof-1.1.1.tgz",
      "integrity": "sha512-JvdAWfbXeIGaZ9cILp38HntZSFSo3mWg6xGcJJsd+d4aRMOqauag1C63dJfDw7OaMYwEbHMOxEZ1lqVRYP2OAw=="
    },
    "statuses": {
      "version": "1.5.0",
      "resolved": "https://registry.npmjs.org/statuses/-/statuses-1.5.0.tgz",
      "integrity": "sha1-Fhx9rBd2Wf2YEfQ3cfqZOBR4Yow="
    },
    "sudo-prompt": {
      "version": "9.1.1",
      "resolved": "https://registry.npmjs.org/sudo-prompt/-/sudo-prompt-9.1.1.tgz",
      "integrity": "sha512-es33J1g2HjMpyAhz8lOR+ICmXXAqTuKbuXuUWLhOLew20oN9oUCgCJx615U/v7aioZg7IX5lIh9x34vwneu4pA=="
    },
    "toidentifier": {
      "version": "1.0.0",
      "resolved": "https://registry.npmjs.org/toidentifier/-/toidentifier-1.0.0.tgz",
      "integrity": "sha512-yaOH/Pk/VEhBWWTlhI+qXxDFXlejDGcQipMlyxda9nthulaxLZUNcUqFxokp0vcYnvteJln5FNQDRrxj3YcbVw=="
    },
    "type-is": {
      "version": "1.6.18",
      "resolved": "https://registry.npmjs.org/type-is/-/type-is-1.6.18.tgz",
      "integrity": "sha512-TkRKr9sUTxEH8MdfuCSP7VizJyzRNMjj2J2do2Jr3Kym598JVdEksuzPQCnlFPW4ky9Q+iA+ma9BGm06XQBy8g==",
      "requires": {
        "media-typer": "0.3.0",
        "mime-types": "~2.1.24"
      }
    },
    "unpipe": {
      "version": "1.0.0",
      "resolved": "https://registry.npmjs.org/unpipe/-/unpipe-1.0.0.tgz",
      "integrity": "sha1-sr9O6FFKrmFltIF4KdIbLvSZBOw="
    },
    "url": {
      "version": "0.11.0",
      "resolved": "https://registry.npmjs.org/url/-/url-0.11.0.tgz",
      "integrity": "sha1-ODjpfPxgUh63PFJajlW/3Z4uKPE=",
      "requires": {
        "punycode": "1.3.2",
        "querystring": "0.2.0"
      }
    },
    "utils-merge": {
      "version": "1.0.1",
      "resolved": "https://registry.npmjs.org/utils-merge/-/utils-merge-1.0.1.tgz",
      "integrity": "sha1-n5VxD1CiZ5R7LMwSR0HBAoQn5xM="
    },
    "vary": {
      "version": "1.1.2",
      "resolved": "https://registry.npmjs.org/vary/-/vary-1.1.2.tgz",
      "integrity": "sha1-IpnwLG3tMNSllhsLn3RSShj2NPw="
    },
    "ws": {
      "version": "5.2.2",
      "resolved": "https://registry.npmjs.org/ws/-/ws-5.2.2.tgz",
      "integrity": "sha512-jaHFD6PFv6UgoIVda6qZllptQsMlDEJkTQcybzzXDYM1XO9Y8em691FGMPmM46WGyLU4z9KMgQN+qrux/nhlHA==",
      "requires": {
        "async-limiter": "~1.0.0"
      }
    }
  }
}
